{
    "name": "@devoteamgcloud/dataform-assertions",
    "version": "2.0.0",
    "lockfileVersion": 3,
    "requires": true,
    "packages": {
        "": {
            "name": "@devoteamgcloud/dataform-assertions",
            "version": "2.0.0",
            "dependencies": {
                "@dataform/core": "^3.0.0"
            }
        },
        "node_modules/@dataform/core": {
            "version": "3.0.2",
            "resolved": "https://registry.npmjs.org/@dataform/core/-/core-3.0.2.tgz",
            "integrity": "sha512-W1DQuv1vSsQgUPlNXuBTqa927FfNp5pNswOTz0wlX3cJTk5OT0UEENVmVJu/WIEdoVcCRTn8pn2dNNc1IjtMcA==",
            "license": "Apache-2.0"
        }
    }
}
